// !$*UTF8*$!
{
	archiveVersion = 1;
	classes = {
	};
	objectVersion = 46;
	objects = {

/* Begin PBXBuildFile section */
		CF02BDEE1F08449A00EF706D /* AppDelegate.swift in Sources */ = {isa = PBXBuildFile; fileRef = CF02BDED1F08449A00EF706D /* AppDelegate.swift */; };
		CF02BDF31F08449B00EF706D /* Main.storyboard in Resources */ = {isa = PBXBuildFile; fileRef = CF02BDF11F08449B00EF706D /* Main.storyboard */; };
		CF02BDF51F08449B00EF706D /* Assets.xcassets in Resources */ = {isa = PBXBuildFile; fileRef = CF02BDF41F08449B00EF706D /* Assets.xcassets */; };
		CF02BDF81F08449B00EF706D /* LaunchScreen.storyboard in Resources */ = {isa = PBXBuildFile; fileRef = CF02BDF61F08449B00EF706D /* LaunchScreen.storyboard */; };
		CF02BE031F08449B00EF706D /* ChatRoomTests.swift in Sources */ = {isa = PBXBuildFile; fileRef = CF02BE021F08449B00EF706D /* ChatRoomTests.swift */; };
		CF02BE0E1F08449C00EF706D /* ChatRoomUITests.swift in Sources */ = {isa = PBXBuildFile; fileRef = CF02BE0D1F08449C00EF706D /* ChatRoomUITests.swift */; };
		CF02BE1C1F08453600EF706D /* GoogleService-Info.plist in Resources */ = {isa = PBXBuildFile; fileRef = CF02BE1B1F08453600EF706D /* GoogleService-Info.plist */; };
		CF02BE201F08709200EF706D /* SignUpVC.swift in Sources */ = {isa = PBXBuildFile; fileRef = CF02BE1F1F08709200EF706D /* SignUpVC.swift */; };
		CF1335F91F575301008F9C46 /* PhotoCell.swift in Sources */ = {isa = PBXBuildFile; fileRef = CF1335F81F575301008F9C46 /* PhotoCell.swift */; };
		CF1335FF1F5762BF008F9C46 /* RoundedPostImage.swift in Sources */ = {isa = PBXBuildFile; fileRef = CF1335FE1F5762BF008F9C46 /* RoundedPostImage.swift */; };
		CF1A85B31F181FBF00E1614F /* CreateDetailsVC.swift in Sources */ = {isa = PBXBuildFile; fileRef = CF1A85B21F181FBF00E1614F /* CreateDetailsVC.swift */; };
		CF2D85F91F1C17E6004E72B9 /* ProfileVC.swift in Sources */ = {isa = PBXBuildFile; fileRef = CF2D85F81F1C17E6004E72B9 /* ProfileVC.swift */; };
		CF36860E1F0EDE3900E7A75B /* ChatVC.swift in Sources */ = {isa = PBXBuildFile; fileRef = CF36860D1F0EDE3900E7A75B /* ChatVC.swift */; };
		CF3686101F0EE42D00E7A75B /* Chat.swift in Sources */ = {isa = PBXBuildFile; fileRef = CF36860F1F0EE42D00E7A75B /* Chat.swift */; };
		CF3686121F0EE4FB00E7A75B /* ChatCell.swift in Sources */ = {isa = PBXBuildFile; fileRef = CF3686111F0EE4FB00E7A75B /* ChatCell.swift */; };
		CF3B03C01F097904009F1E44 /* AddUserImage.swift in Sources */ = {isa = PBXBuildFile; fileRef = CF3B03BF1F097904009F1E44 /* AddUserImage.swift */; };
		CF3B03C31F0985B6009F1E44 /* CircleImage.swift in Sources */ = {isa = PBXBuildFile; fileRef = CF3B03C21F0985B6009F1E44 /* CircleImage.swift */; };
		CF3B03C51F09AB08009F1E44 /* JoinVC.swift in Sources */ = {isa = PBXBuildFile; fileRef = CF3B03C41F09AB08009F1E44 /* JoinVC.swift */; };
		CF440BBA1F0D3BCF00CBEB19 /* GroupCell.swift in Sources */ = {isa = PBXBuildFile; fileRef = CF440BB91F0D3BCF00CBEB19 /* GroupCell.swift */; };
		CF56E1FC1F2AD80E009578EE /* ShadowView.swift in Sources */ = {isa = PBXBuildFile; fileRef = CF56E1FB1F2AD80E009578EE /* ShadowView.swift */; };
		CF56E1FE1F2C0FAD009578EE /* RoundedCornerButton.swift in Sources */ = {isa = PBXBuildFile; fileRef = CF56E1FD1F2C0FAD009578EE /* RoundedCornerButton.swift */; };
		CF59BA041F5F3D0F008DF84D /* GroupSettingsVC.swift in Sources */ = {isa = PBXBuildFile; fileRef = CF59BA031F5F3D0F008DF84D /* GroupSettingsVC.swift */; };
		CF6AADFB1F53612F004892F4 /* EditProfileVC.swift in Sources */ = {isa = PBXBuildFile; fileRef = CF6AADFA1F53612F004892F4 /* EditProfileVC.swift */; };
		CF6C95221F2E851400C080DE /* SWRevealViewController.m in Sources */ = {isa = PBXBuildFile; fileRef = CF6C95211F2E851400C080DE /* SWRevealViewController.m */; };
		CF82CA1B1F4BC0B100459A35 /* SWRevealViewController.m in Sources */ = {isa = PBXBuildFile; fileRef = CF6C95211F2E851400C080DE /* SWRevealViewController.m */; };
		CF82CA1D1F4BC0B400459A35 /* SWRevealViewController.m in Sources */ = {isa = PBXBuildFile; fileRef = CF6C95211F2E851400C080DE /* SWRevealViewController.m */; };
		CF85CA671F12C8DC0047663C /* SignInVC.swift in Sources */ = {isa = PBXBuildFile; fileRef = CF85CA661F12C8DC0047663C /* SignInVC.swift */; };
		CFCB06A91F6432680023D9AF /* UserProfileVC.swift in Sources */ = {isa = PBXBuildFile; fileRef = CFCB06A81F6432680023D9AF /* UserProfileVC.swift */; };
		CFE774731F0B306E00FC7290 /* CreateMainVC.swift in Sources */ = {isa = PBXBuildFile; fileRef = CFE774721F0B306E00FC7290 /* CreateMainVC.swift */; };
		CFE774761F0B3A4E00FC7290 /* Util.swift in Sources */ = {isa = PBXBuildFile; fileRef = CFE774751F0B3A4E00FC7290 /* Util.swift */; };
		CFE774781F0B3D1100FC7290 /* GroupListVC.swift in Sources */ = {isa = PBXBuildFile; fileRef = CFE774771F0B3D1100FC7290 /* GroupListVC.swift */; };
		CFE7747B1F0B3E1000FC7290 /* Group.swift in Sources */ = {isa = PBXBuildFile; fileRef = CFE7747A1F0B3E1000FC7290 /* Group.swift */; };
		EA6CCD9FB46BF1F684B810EA /* Pods_ChatRoomTests.framework in Frameworks */ = {isa = PBXBuildFile; fileRef = 28C737A143EA97A614CAED51 /* Pods_ChatRoomTests.framework */; };
		F45CE9E72EAE9FAB17C712BB /* Pods_ChatRoomUITests.framework in Frameworks */ = {isa = PBXBuildFile; fileRef = 75A34FB6680C8DC201A70B72 /* Pods_ChatRoomUITests.framework */; };
		FF2A8FEA308952490F28BEBB /* Pods_ChatRoom.framework in Frameworks */ = {isa = PBXBuildFile; fileRef = BFEE24F8E4690B492669E302 /* Pods_ChatRoom.framework */; };
/* End PBXBuildFile section */

/* Begin PBXContainerItemProxy section */
		CF02BDFF1F08449B00EF706D /* PBXContainerItemProxy */ = {
			isa = PBXContainerItemProxy;
			containerPortal = CF02BDE21F08449A00EF706D /* Project object */;
			proxyType = 1;
			remoteGlobalIDString = CF02BDE91F08449A00EF706D;
			remoteInfo = ChatRoom;
		};
		CF02BE0A1F08449B00EF706D /* PBXContainerItemProxy */ = {
			isa = PBXContainerItemProxy;
			containerPortal = CF02BDE21F08449A00EF706D /* Project object */;
			proxyType = 1;
			remoteGlobalIDString = CF02BDE91F08449A00EF706D;
			remoteInfo = ChatRoom;
		};
/* End PBXContainerItemProxy section */

/* Begin PBXFileReference section */
		28C737A143EA97A614CAED51 /* Pods_ChatRoomTests.framework */ = {isa = PBXFileReference; explicitFileType = wrapper.framework; includeInIndex = 0; path = Pods_ChatRoomTests.framework; sourceTree = BUILT_PRODUCTS_DIR; };
		3280C50A5A48F2428E2B9183 /* Pods-ChatRoom.release.xcconfig */ = {isa = PBXFileReference; includeInIndex = 1; lastKnownFileType = text.xcconfig; name = "Pods-ChatRoom.release.xcconfig"; path = "Pods/Target Support Files/Pods-ChatRoom/Pods-ChatRoom.release.xcconfig"; sourceTree = "<group>"; };
		344309D28974BC034022BFF3 /* Pods-ChatRoom.debug.xcconfig */ = {isa = PBXFileReference; includeInIndex = 1; lastKnownFileType = text.xcconfig; name = "Pods-ChatRoom.debug.xcconfig"; path = "Pods/Target Support Files/Pods-ChatRoom/Pods-ChatRoom.debug.xcconfig"; sourceTree = "<group>"; };
		6132D3EBC65770E8DC936384 /* Pods-ChatRoomTests.debug.xcconfig */ = {isa = PBXFileReference; includeInIndex = 1; lastKnownFileType = text.xcconfig; name = "Pods-ChatRoomTests.debug.xcconfig"; path = "Pods/Target Support Files/Pods-ChatRoomTests/Pods-ChatRoomTests.debug.xcconfig"; sourceTree = "<group>"; };
		635FB1CA826EB58D8BAFFE34 /* Pods-ChatRoomUITests.release.xcconfig */ = {isa = PBXFileReference; includeInIndex = 1; lastKnownFileType = text.xcconfig; name = "Pods-ChatRoomUITests.release.xcconfig"; path = "Pods/Target Support Files/Pods-ChatRoomUITests/Pods-ChatRoomUITests.release.xcconfig"; sourceTree = "<group>"; };
		75A34FB6680C8DC201A70B72 /* Pods_ChatRoomUITests.framework */ = {isa = PBXFileReference; explicitFileType = wrapper.framework; includeInIndex = 0; path = Pods_ChatRoomUITests.framework; sourceTree = BUILT_PRODUCTS_DIR; };
		7A7562A92599504EC55CC5E4 /* Pods-ChatRoomUITests.debug.xcconfig */ = {isa = PBXFileReference; includeInIndex = 1; lastKnownFileType = text.xcconfig; name = "Pods-ChatRoomUITests.debug.xcconfig"; path = "Pods/Target Support Files/Pods-ChatRoomUITests/Pods-ChatRoomUITests.debug.xcconfig"; sourceTree = "<group>"; };
		9186EAAC1E1AB979E04FC6F1 /* Pods-ChatRoomTests.release.xcconfig */ = {isa = PBXFileReference; includeInIndex = 1; lastKnownFileType = text.xcconfig; name = "Pods-ChatRoomTests.release.xcconfig"; path = "Pods/Target Support Files/Pods-ChatRoomTests/Pods-ChatRoomTests.release.xcconfig"; sourceTree = "<group>"; };
		BFEE24F8E4690B492669E302 /* Pods_ChatRoom.framework */ = {isa = PBXFileReference; explicitFileType = wrapper.framework; includeInIndex = 0; path = Pods_ChatRoom.framework; sourceTree = BUILT_PRODUCTS_DIR; };
		CF02BDEA1F08449A00EF706D /* ChatRoom.app */ = {isa = PBXFileReference; explicitFileType = wrapper.application; includeInIndex = 0; path = ChatRoom.app; sourceTree = BUILT_PRODUCTS_DIR; };
		CF02BDED1F08449A00EF706D /* AppDelegate.swift */ = {isa = PBXFileReference; lastKnownFileType = sourcecode.swift; path = AppDelegate.swift; sourceTree = "<group>"; };
		CF02BDF21F08449B00EF706D /* Base */ = {isa = PBXFileReference; lastKnownFileType = file.storyboard; name = Base; path = Base.lproj/Main.storyboard; sourceTree = "<group>"; };
		CF02BDF41F08449B00EF706D /* Assets.xcassets */ = {isa = PBXFileReference; lastKnownFileType = folder.assetcatalog; path = Assets.xcassets; sourceTree = "<group>"; };
		CF02BDF71F08449B00EF706D /* Base */ = {isa = PBXFileReference; lastKnownFileType = file.storyboard; name = Base; path = Base.lproj/LaunchScreen.storyboard; sourceTree = "<group>"; };
		CF02BDF91F08449B00EF706D /* Info.plist */ = {isa = PBXFileReference; lastKnownFileType = text.plist.xml; path = Info.plist; sourceTree = "<group>"; };
		CF02BDFE1F08449B00EF706D /* ChatRoomTests.xctest */ = {isa = PBXFileReference; explicitFileType = wrapper.cfbundle; includeInIndex = 0; path = ChatRoomTests.xctest; sourceTree = BUILT_PRODUCTS_DIR; };
		CF02BE021F08449B00EF706D /* ChatRoomTests.swift */ = {isa = PBXFileReference; lastKnownFileType = sourcecode.swift; path = ChatRoomTests.swift; sourceTree = "<group>"; };
		CF02BE041F08449B00EF706D /* Info.plist */ = {isa = PBXFileReference; lastKnownFileType = text.plist.xml; path = Info.plist; sourceTree = "<group>"; };
		CF02BE091F08449B00EF706D /* ChatRoomUITests.xctest */ = {isa = PBXFileReference; explicitFileType = wrapper.cfbundle; includeInIndex = 0; path = ChatRoomUITests.xctest; sourceTree = BUILT_PRODUCTS_DIR; };
		CF02BE0D1F08449C00EF706D /* ChatRoomUITests.swift */ = {isa = PBXFileReference; lastKnownFileType = sourcecode.swift; path = ChatRoomUITests.swift; sourceTree = "<group>"; };
		CF02BE0F1F08449C00EF706D /* Info.plist */ = {isa = PBXFileReference; lastKnownFileType = text.plist.xml; path = Info.plist; sourceTree = "<group>"; };
		CF02BE1B1F08453600EF706D /* GoogleService-Info.plist */ = {isa = PBXFileReference; fileEncoding = 4; lastKnownFileType = text.plist.xml; path = "GoogleService-Info.plist"; sourceTree = "<group>"; };
		CF02BE1F1F08709200EF706D /* SignUpVC.swift */ = {isa = PBXFileReference; fileEncoding = 4; lastKnownFileType = sourcecode.swift; path = SignUpVC.swift; sourceTree = "<group>"; };
		CF1215851F325C8400420C17 /* ChatRoom.entitlements */ = {isa = PBXFileReference; lastKnownFileType = text.plist.entitlements; path = ChatRoom.entitlements; sourceTree = "<group>"; };
		CF1335F81F575301008F9C46 /* PhotoCell.swift */ = {isa = PBXFileReference; fileEncoding = 4; lastKnownFileType = sourcecode.swift; path = PhotoCell.swift; sourceTree = "<group>"; };
		CF1335FE1F5762BF008F9C46 /* RoundedPostImage.swift */ = {isa = PBXFileReference; fileEncoding = 4; lastKnownFileType = sourcecode.swift; path = RoundedPostImage.swift; sourceTree = "<group>"; };
		CF1A85B21F181FBF00E1614F /* CreateDetailsVC.swift */ = {isa = PBXFileReference; fileEncoding = 4; lastKnownFileType = sourcecode.swift; path = CreateDetailsVC.swift; sourceTree = "<group>"; };
		CF2D85F81F1C17E6004E72B9 /* ProfileVC.swift */ = {isa = PBXFileReference; fileEncoding = 4; lastKnownFileType = sourcecode.swift; path = ProfileVC.swift; sourceTree = "<group>"; };
		CF36860D1F0EDE3900E7A75B /* ChatVC.swift */ = {isa = PBXFileReference; fileEncoding = 4; lastKnownFileType = sourcecode.swift; path = ChatVC.swift; sourceTree = "<group>"; };
		CF36860F1F0EE42D00E7A75B /* Chat.swift */ = {isa = PBXFileReference; fileEncoding = 4; lastKnownFileType = sourcecode.swift; path = Chat.swift; sourceTree = "<group>"; };
		CF3686111F0EE4FB00E7A75B /* ChatCell.swift */ = {isa = PBXFileReference; fileEncoding = 4; lastKnownFileType = sourcecode.swift; path = ChatCell.swift; sourceTree = "<group>"; };
		CF3B03BF1F097904009F1E44 /* AddUserImage.swift */ = {isa = PBXFileReference; fileEncoding = 4; lastKnownFileType = sourcecode.swift; path = AddUserImage.swift; sourceTree = "<group>"; };
		CF3B03C21F0985B6009F1E44 /* CircleImage.swift */ = {isa = PBXFileReference; fileEncoding = 4; lastKnownFileType = sourcecode.swift; path = CircleImage.swift; sourceTree = "<group>"; };
		CF3B03C41F09AB08009F1E44 /* JoinVC.swift */ = {isa = PBXFileReference; fileEncoding = 4; lastKnownFileType = sourcecode.swift; path = JoinVC.swift; sourceTree = "<group>"; };
		CF440BB91F0D3BCF00CBEB19 /* GroupCell.swift */ = {isa = PBXFileReference; fileEncoding = 4; lastKnownFileType = sourcecode.swift; path = GroupCell.swift; sourceTree = "<group>"; };
		CF56E1FB1F2AD80E009578EE /* ShadowView.swift */ = {isa = PBXFileReference; fileEncoding = 4; lastKnownFileType = sourcecode.swift; path = ShadowView.swift; sourceTree = "<group>"; };
		CF56E1FD1F2C0FAD009578EE /* RoundedCornerButton.swift */ = {isa = PBXFileReference; fileEncoding = 4; lastKnownFileType = sourcecode.swift; path = RoundedCornerButton.swift; sourceTree = "<group>"; };
		CF59BA031F5F3D0F008DF84D /* GroupSettingsVC.swift */ = {isa = PBXFileReference; fileEncoding = 4; lastKnownFileType = sourcecode.swift; path = GroupSettingsVC.swift; sourceTree = "<group>"; };
		CF6AADFA1F53612F004892F4 /* EditProfileVC.swift */ = {isa = PBXFileReference; fileEncoding = 4; lastKnownFileType = sourcecode.swift; path = EditProfileVC.swift; sourceTree = "<group>"; };
		CF6C95201F2E851400C080DE /* SWRevealViewController.h */ = {isa = PBXFileReference; fileEncoding = 4; lastKnownFileType = sourcecode.c.h; path = SWRevealViewController.h; sourceTree = "<group>"; };
		CF6C95211F2E851400C080DE /* SWRevealViewController.m */ = {isa = PBXFileReference; fileEncoding = 4; lastKnownFileType = sourcecode.c.objc; path = SWRevealViewController.m; sourceTree = "<group>"; };
		CF6C95231F2E85A000C080DE /* ChatRoom-Bridging-Header.h */ = {isa = PBXFileReference; lastKnownFileType = sourcecode.c.h; path = "ChatRoom-Bridging-Header.h"; sourceTree = "<group>"; };
		CF85CA661F12C8DC0047663C /* SignInVC.swift */ = {isa = PBXFileReference; fileEncoding = 4; lastKnownFileType = sourcecode.swift; path = SignInVC.swift; sourceTree = "<group>"; };
		CF9B26091FF70CEB008ACA95 /* Mark Simonson - Proxima Nova Alt Black-webfont.ttf */ = {isa = PBXFileReference; lastKnownFileType = file; path = "Mark Simonson - Proxima Nova Alt Black-webfont.ttf"; sourceTree = "<group>"; };
		CFCB06A81F6432680023D9AF /* UserProfileVC.swift */ = {isa = PBXFileReference; fileEncoding = 4; lastKnownFileType = sourcecode.swift; path = UserProfileVC.swift; sourceTree = "<group>"; };
		CFD428B12026A386003621C0 /* SanFranciscoDisplay-Semibold.otf */ = {isa = PBXFileReference; lastKnownFileType = file; path = "SanFranciscoDisplay-Semibold.otf"; sourceTree = "<group>"; };
		CFD428B22026A38A003621C0 /* SanFranciscoText-HeavyItalic.otf */ = {isa = PBXFileReference; lastKnownFileType = file; path = "SanFranciscoText-HeavyItalic.otf"; sourceTree = "<group>"; };
		CFD428B32026A38E003621C0 /* SanFranciscoText-Light.otf */ = {isa = PBXFileReference; lastKnownFileType = file; path = "SanFranciscoText-Light.otf"; sourceTree = "<group>"; };
		CFD428B42026A393003621C0 /* SanFranciscoDisplay-Ultralight.otf */ = {isa = PBXFileReference; lastKnownFileType = file; path = "SanFranciscoDisplay-Ultralight.otf"; sourceTree = "<group>"; };
		CFD428B52026A398003621C0 /* SanFranciscoText-BoldItalic.otf */ = {isa = PBXFileReference; lastKnownFileType = file; path = "SanFranciscoText-BoldItalic.otf"; sourceTree = "<group>"; };
		CFD428B62026A39F003621C0 /* SanFranciscoDisplay-Black.otf */ = {isa = PBXFileReference; lastKnownFileType = file; path = "SanFranciscoDisplay-Black.otf"; sourceTree = "<group>"; };
		CFD428B72026A3A4003621C0 /* SanFranciscoText-Medium.otf */ = {isa = PBXFileReference; lastKnownFileType = file; path = "SanFranciscoText-Medium.otf"; sourceTree = "<group>"; };
		CFD428B82026A3A9003621C0 /* SanFranciscoText-Regular.otf */ = {isa = PBXFileReference; lastKnownFileType = file; path = "SanFranciscoText-Regular.otf"; sourceTree = "<group>"; };
		CFD428B92026A3AE003621C0 /* SanFranciscoText-SemiboldItalic.otf */ = {isa = PBXFileReference; lastKnownFileType = file; path = "SanFranciscoText-SemiboldItalic.otf"; sourceTree = "<group>"; };
		CFD428BA2026A3B3003621C0 /* SanFranciscoText-Semibold.otf */ = {isa = PBXFileReference; lastKnownFileType = file; path = "SanFranciscoText-Semibold.otf"; sourceTree = "<group>"; };
		CFD428BB2026A3B8003621C0 /* SanFranciscoDisplay-Thin.otf */ = {isa = PBXFileReference; lastKnownFileType = file; path = "SanFranciscoDisplay-Thin.otf"; sourceTree = "<group>"; };
		CFD428BC2026A3BD003621C0 /* SanFranciscoDisplay-Medium.otf */ = {isa = PBXFileReference; lastKnownFileType = file; path = "SanFranciscoDisplay-Medium.otf"; sourceTree = "<group>"; };
		CFD428BD2026A3C2003621C0 /* SanFranciscoDisplay-Heavy.otf */ = {isa = PBXFileReference; lastKnownFileType = file; path = "SanFranciscoDisplay-Heavy.otf"; sourceTree = "<group>"; };
		CFD428BE2026A3C8003621C0 /* SanFranciscoDisplay-Bold.otf */ = {isa = PBXFileReference; lastKnownFileType = file; path = "SanFranciscoDisplay-Bold.otf"; sourceTree = "<group>"; };
		CFD428BF2026A3CC003621C0 /* SanFranciscoText-Bold.otf */ = {isa = PBXFileReference; lastKnownFileType = file; path = "SanFranciscoText-Bold.otf"; sourceTree = "<group>"; };
		CFD428C02026A3D1003621C0 /* SanFranciscoText-LightItalic.otf */ = {isa = PBXFileReference; lastKnownFileType = file; path = "SanFranciscoText-LightItalic.otf"; sourceTree = "<group>"; };
		CFD428C12026A3D6003621C0 /* SanFranciscoText-RegularItalic.otf */ = {isa = PBXFileReference; lastKnownFileType = file; path = "SanFranciscoText-RegularItalic.otf"; sourceTree = "<group>"; };
		CFD428C22026A3DB003621C0 /* SanFranciscoText-MediumItalic.otf */ = {isa = PBXFileReference; lastKnownFileType = file; path = "SanFranciscoText-MediumItalic.otf"; sourceTree = "<group>"; };
		CFD428C32026A3E0003621C0 /* SanFranciscoText-Heavy.otf */ = {isa = PBXFileReference; lastKnownFileType = file; path = "SanFranciscoText-Heavy.otf"; sourceTree = "<group>"; };
		CFD428C42026A3E5003621C0 /* SanFranciscoDisplay-Light.otf */ = {isa = PBXFileReference; lastKnownFileType = file; path = "SanFranciscoDisplay-Light.otf"; sourceTree = "<group>"; };
		CFD428C52026A3EA003621C0 /* SanFranciscoDisplay-Regular.otf */ = {isa = PBXFileReference; lastKnownFileType = file; path = "SanFranciscoDisplay-Regular.otf"; sourceTree = "<group>"; };
		CFE774721F0B306E00FC7290 /* CreateMainVC.swift */ = {isa = PBXFileReference; fileEncoding = 4; lastKnownFileType = sourcecode.swift; path = CreateMainVC.swift; sourceTree = "<group>"; };
		CFE774751F0B3A4E00FC7290 /* Util.swift */ = {isa = PBXFileReference; fileEncoding = 4; lastKnownFileType = sourcecode.swift; path = Util.swift; sourceTree = "<group>"; };
		CFE774771F0B3D1100FC7290 /* GroupListVC.swift */ = {isa = PBXFileReference; fileEncoding = 4; lastKnownFileType = sourcecode.swift; path = GroupListVC.swift; sourceTree = "<group>"; };
		CFE7747A1F0B3E1000FC7290 /* Group.swift */ = {isa = PBXFileReference; fileEncoding = 4; lastKnownFileType = sourcecode.swift; path = Group.swift; sourceTree = "<group>"; };
/* End PBXFileReference section */

/* Begin PBXFrameworksBuildPhase section */
		CF02BDE71F08449A00EF706D /* Frameworks */ = {
			isa = PBXFrameworksBuildPhase;
			buildActionMask = 2147483647;
			files = (
				FF2A8FEA308952490F28BEBB /* Pods_ChatRoom.framework in Frameworks */,
			);
			runOnlyForDeploymentPostprocessing = 0;
		};
		CF02BDFB1F08449B00EF706D /* Frameworks */ = {
			isa = PBXFrameworksBuildPhase;
			buildActionMask = 2147483647;
			files = (
				EA6CCD9FB46BF1F684B810EA /* Pods_ChatRoomTests.framework in Frameworks */,
			);
			runOnlyForDeploymentPostprocessing = 0;
		};
		CF02BE061F08449B00EF706D /* Frameworks */ = {
			isa = PBXFrameworksBuildPhase;
			buildActionMask = 2147483647;
			files = (
				F45CE9E72EAE9FAB17C712BB /* Pods_ChatRoomUITests.framework in Frameworks */,
			);
			runOnlyForDeploymentPostprocessing = 0;
		};
/* End PBXFrameworksBuildPhase section */

/* Begin PBXGroup section */
		756A85B47258DF89252B47CE /* Pods */ = {
			isa = PBXGroup;
			children = (
				344309D28974BC034022BFF3 /* Pods-ChatRoom.debug.xcconfig */,
				3280C50A5A48F2428E2B9183 /* Pods-ChatRoom.release.xcconfig */,
				6132D3EBC65770E8DC936384 /* Pods-ChatRoomTests.debug.xcconfig */,
				9186EAAC1E1AB979E04FC6F1 /* Pods-ChatRoomTests.release.xcconfig */,
				7A7562A92599504EC55CC5E4 /* Pods-ChatRoomUITests.debug.xcconfig */,
				635FB1CA826EB58D8BAFFE34 /* Pods-ChatRoomUITests.release.xcconfig */,
			);
			name = Pods;
			sourceTree = "<group>";
		};
		CF02BDE11F08449A00EF706D = {
			isa = PBXGroup;
			children = (
				CF02BDEC1F08449A00EF706D /* ChatRoom */,
				CF02BE011F08449B00EF706D /* ChatRoomTests */,
				CF02BE0C1F08449B00EF706D /* ChatRoomUITests */,
				CF02BDEB1F08449A00EF706D /* Products */,
				756A85B47258DF89252B47CE /* Pods */,
				D7BBF4483B7CA166F00C1F9D /* Frameworks */,
			);
			sourceTree = "<group>";
		};
		CF02BDEB1F08449A00EF706D /* Products */ = {
			isa = PBXGroup;
			children = (
				CF02BDEA1F08449A00EF706D /* ChatRoom.app */,
				CF02BDFE1F08449B00EF706D /* ChatRoomTests.xctest */,
				CF02BE091F08449B00EF706D /* ChatRoomUITests.xctest */,
			);
			name = Products;
			sourceTree = "<group>";
		};
		CF02BDEC1F08449A00EF706D /* ChatRoom */ = {
			isa = PBXGroup;
			children = (
				CFD428B02026A378003621C0 /* Fonts */,
				CF1215851F325C8400420C17 /* ChatRoom.entitlements */,
				CF6C951F1F2E850600C080DE /* Supporting Files */,
				CFE774791F0B3E0400FC7290 /* Models */,
				CF3B03C11F098569009F1E44 /* Views */,
				CF02BE1D1F08473D00EF706D /* Controllers */,
				CF02BE1E1F08474B00EF706D /* Info */,
				CFE774741F0B39E900FC7290 /* Utilities */,
				CF02BDF61F08449B00EF706D /* LaunchScreen.storyboard */,
				CF02BDED1F08449A00EF706D /* AppDelegate.swift */,
				CF02BDF11F08449B00EF706D /* Main.storyboard */,
				CF02BDF41F08449B00EF706D /* Assets.xcassets */,
			);
			path = ChatRoom;
			sourceTree = "<group>";
		};
		CF02BE011F08449B00EF706D /* ChatRoomTests */ = {
			isa = PBXGroup;
			children = (
				CF02BE021F08449B00EF706D /* ChatRoomTests.swift */,
				CF02BE041F08449B00EF706D /* Info.plist */,
			);
			path = ChatRoomTests;
			sourceTree = "<group>";
		};
		CF02BE0C1F08449B00EF706D /* ChatRoomUITests */ = {
			isa = PBXGroup;
			children = (
				CF02BE0D1F08449C00EF706D /* ChatRoomUITests.swift */,
				CF02BE0F1F08449C00EF706D /* Info.plist */,
			);
			path = ChatRoomUITests;
			sourceTree = "<group>";
		};
		CF02BE1D1F08473D00EF706D /* Controllers */ = {
			isa = PBXGroup;
			children = (
				CF3B03BF1F097904009F1E44 /* AddUserImage.swift */,
				CF36860D1F0EDE3900E7A75B /* ChatVC.swift */,
				CF1A85B21F181FBF00E1614F /* CreateDetailsVC.swift */,
				CFE774721F0B306E00FC7290 /* CreateMainVC.swift */,
				CF6AADFA1F53612F004892F4 /* EditProfileVC.swift */,
				CFE774771F0B3D1100FC7290 /* GroupListVC.swift */,
				CF59BA031F5F3D0F008DF84D /* GroupSettingsVC.swift */,
				CF3B03C41F09AB08009F1E44 /* JoinVC.swift */,
				CF2D85F81F1C17E6004E72B9 /* ProfileVC.swift */,
				CF02BE1F1F08709200EF706D /* SignUpVC.swift */,
				CF85CA661F12C8DC0047663C /* SignInVC.swift */,
				CFCB06A81F6432680023D9AF /* UserProfileVC.swift */,
			);
			name = Controllers;
			sourceTree = "<group>";
		};
		CF02BE1E1F08474B00EF706D /* Info */ = {
			isa = PBXGroup;
			children = (
				CF02BDF91F08449B00EF706D /* Info.plist */,
				CF02BE1B1F08453600EF706D /* GoogleService-Info.plist */,
			);
			name = Info;
			sourceTree = "<group>";
		};
		CF3B03C11F098569009F1E44 /* Views */ = {
			isa = PBXGroup;
			children = (
				CF3B03C21F0985B6009F1E44 /* CircleImage.swift */,
				CF440BB91F0D3BCF00CBEB19 /* GroupCell.swift */,
				CF3686111F0EE4FB00E7A75B /* ChatCell.swift */,
				CF56E1FB1F2AD80E009578EE /* ShadowView.swift */,
				CF56E1FD1F2C0FAD009578EE /* RoundedCornerButton.swift */,
				CF1335F81F575301008F9C46 /* PhotoCell.swift */,
				CF1335FE1F5762BF008F9C46 /* RoundedPostImage.swift */,
			);
			name = Views;
			sourceTree = "<group>";
		};
		CF6C951F1F2E850600C080DE /* Supporting Files */ = {
			isa = PBXGroup;
			children = (
				CF6C95201F2E851400C080DE /* SWRevealViewController.h */,
				CF6C95231F2E85A000C080DE /* ChatRoom-Bridging-Header.h */,
				CF6C95211F2E851400C080DE /* SWRevealViewController.m */,
			);
			name = "Supporting Files";
			sourceTree = "<group>";
		};
		CFD428B02026A378003621C0 /* Fonts */ = {
			isa = PBXGroup;
			children = (
				CFD428B62026A39F003621C0 /* SanFranciscoDisplay-Black.otf */,
				CFD428BE2026A3C8003621C0 /* SanFranciscoDisplay-Bold.otf */,
				CFD428BD2026A3C2003621C0 /* SanFranciscoDisplay-Heavy.otf */,
				CFD428C42026A3E5003621C0 /* SanFranciscoDisplay-Light.otf */,
				CFD428BC2026A3BD003621C0 /* SanFranciscoDisplay-Medium.otf */,
				CFD428C52026A3EA003621C0 /* SanFranciscoDisplay-Regular.otf */,
				CFD428B12026A386003621C0 /* SanFranciscoDisplay-Semibold.otf */,
				CFD428BB2026A3B8003621C0 /* SanFranciscoDisplay-Thin.otf */,
				CFD428B42026A393003621C0 /* SanFranciscoDisplay-Ultralight.otf */,
				CFD428BF2026A3CC003621C0 /* SanFranciscoText-Bold.otf */,
				CFD428B52026A398003621C0 /* SanFranciscoText-BoldItalic.otf */,
				CFD428C32026A3E0003621C0 /* SanFranciscoText-Heavy.otf */,
				CFD428B22026A38A003621C0 /* SanFranciscoText-HeavyItalic.otf */,
				CFD428B32026A38E003621C0 /* SanFranciscoText-Light.otf */,
				CFD428C02026A3D1003621C0 /* SanFranciscoText-LightItalic.otf */,
				CFD428B72026A3A4003621C0 /* SanFranciscoText-Medium.otf */,
				CFD428C22026A3DB003621C0 /* SanFranciscoText-MediumItalic.otf */,
				CFD428B82026A3A9003621C0 /* SanFranciscoText-Regular.otf */,
				CFD428C12026A3D6003621C0 /* SanFranciscoText-RegularItalic.otf */,
				CFD428BA2026A3B3003621C0 /* SanFranciscoText-Semibold.otf */,
				CFD428B92026A3AE003621C0 /* SanFranciscoText-SemiboldItalic.otf */,
			);
			name = Fonts;
			sourceTree = "<group>";
		};
		CFE774741F0B39E900FC7290 /* Utilities */ = {
			isa = PBXGroup;
			children = (
				CFE774751F0B3A4E00FC7290 /* Util.swift */,
				CF9B26091FF70CEB008ACA95 /* Mark Simonson - Proxima Nova Alt Black-webfont.ttf */,
			);
			name = Utilities;
			sourceTree = "<group>";
		};
		CFE774791F0B3E0400FC7290 /* Models */ = {
			isa = PBXGroup;
			children = (
				CFE7747A1F0B3E1000FC7290 /* Group.swift */,
				CF36860F1F0EE42D00E7A75B /* Chat.swift */,
			);
			name = Models;
			sourceTree = "<group>";
		};
		D7BBF4483B7CA166F00C1F9D /* Frameworks */ = {
			isa = PBXGroup;
			children = (
				BFEE24F8E4690B492669E302 /* Pods_ChatRoom.framework */,
				28C737A143EA97A614CAED51 /* Pods_ChatRoomTests.framework */,
				75A34FB6680C8DC201A70B72 /* Pods_ChatRoomUITests.framework */,
			);
			name = Frameworks;
			sourceTree = "<group>";
		};
/* End PBXGroup section */

/* Begin PBXNativeTarget section */
		CF02BDE91F08449A00EF706D /* ChatRoom */ = {
			isa = PBXNativeTarget;
			buildConfigurationList = CF02BE121F08449C00EF706D /* Build configuration list for PBXNativeTarget "ChatRoom" */;
			buildPhases = (
				42D271D94C917AFD597B2474 /* [CP] Check Pods Manifest.lock */,
				CF02BDE61F08449A00EF706D /* Sources */,
				CF02BDE71F08449A00EF706D /* Frameworks */,
				CF02BDE81F08449A00EF706D /* Resources */,
				87E163D114C7E5BBC25BAB22 /* [CP] Embed Pods Frameworks */,
				7B8D58C6E37AEF9874C858AD /* [CP] Copy Pods Resources */,
			);
			buildRules = (
			);
			dependencies = (
			);
			name = ChatRoom;
			productName = ChatRoom;
			productReference = CF02BDEA1F08449A00EF706D /* ChatRoom.app */;
			productType = "com.apple.product-type.application";
		};
		CF02BDFD1F08449B00EF706D /* ChatRoomTests */ = {
			isa = PBXNativeTarget;
			buildConfigurationList = CF02BE151F08449C00EF706D /* Build configuration list for PBXNativeTarget "ChatRoomTests" */;
			buildPhases = (
				B4AAECE238C2EBDED004AFD9 /* [CP] Check Pods Manifest.lock */,
				CF02BDFA1F08449B00EF706D /* Sources */,
				CF02BDFB1F08449B00EF706D /* Frameworks */,
				CF02BDFC1F08449B00EF706D /* Resources */,
				61AD2AF50C2BF2FB3D51F1CA /* [CP] Embed Pods Frameworks */,
				D2AC2EE94F6087883B4C0A29 /* [CP] Copy Pods Resources */,
			);
			buildRules = (
			);
			dependencies = (
				CF02BE001F08449B00EF706D /* PBXTargetDependency */,
			);
			name = ChatRoomTests;
			productName = ChatRoomTests;
			productReference = CF02BDFE1F08449B00EF706D /* ChatRoomTests.xctest */;
			productType = "com.apple.product-type.bundle.unit-test";
		};
		CF02BE081F08449B00EF706D /* ChatRoomUITests */ = {
			isa = PBXNativeTarget;
			buildConfigurationList = CF02BE181F08449C00EF706D /* Build configuration list for PBXNativeTarget "ChatRoomUITests" */;
			buildPhases = (
				BE7F12ABCB0FE99C996F82CB /* [CP] Check Pods Manifest.lock */,
				CF02BE051F08449B00EF706D /* Sources */,
				CF02BE061F08449B00EF706D /* Frameworks */,
				CF02BE071F08449B00EF706D /* Resources */,
				ED92296230173FE3F205C871 /* [CP] Embed Pods Frameworks */,
				09C5A730A54B150ED55C8568 /* [CP] Copy Pods Resources */,
			);
			buildRules = (
			);
			dependencies = (
				CF02BE0B1F08449B00EF706D /* PBXTargetDependency */,
			);
			name = ChatRoomUITests;
			productName = ChatRoomUITests;
			productReference = CF02BE091F08449B00EF706D /* ChatRoomUITests.xctest */;
			productType = "com.apple.product-type.bundle.ui-testing";
		};
/* End PBXNativeTarget section */

/* Begin PBXProject section */
		CF02BDE21F08449A00EF706D /* Project object */ = {
			isa = PBXProject;
			attributes = {
				LastSwiftUpdateCheck = 0830;
				LastUpgradeCheck = 0920;
				ORGANIZATIONNAME = "Trevor Rose";
				TargetAttributes = {
					CF02BDE91F08449A00EF706D = {
						CreatedOnToolsVersion = 8.3.3;
						DevelopmentTeam = W62T85YASV;
						LastSwiftMigration = 0920;
						ProvisioningStyle = Automatic;
						SystemCapabilities = {
							com.apple.Push = {
								enabled = 1;
							};
						};
					};
					CF02BDFD1F08449B00EF706D = {
						CreatedOnToolsVersion = 8.3.3;
						DevelopmentTeam = ZJX725VCVA;
						LastSwiftMigration = 0920;
						ProvisioningStyle = Automatic;
						TestTargetID = CF02BDE91F08449A00EF706D;
					};
					CF02BE081F08449B00EF706D = {
						CreatedOnToolsVersion = 8.3.3;
						DevelopmentTeam = ZJX725VCVA;
						LastSwiftMigration = 0920;
						ProvisioningStyle = Automatic;
						TestTargetID = CF02BDE91F08449A00EF706D;
					};
				};
			};
			buildConfigurationList = CF02BDE51F08449A00EF706D /* Build configuration list for PBXProject "ChatRoom" */;
			compatibilityVersion = "Xcode 3.2";
			developmentRegion = English;
			hasScannedForEncodings = 0;
			knownRegions = (
				en,
				Base,
			);
			mainGroup = CF02BDE11F08449A00EF706D;
			productRefGroup = CF02BDEB1F08449A00EF706D /* Products */;
			projectDirPath = "";
			projectRoot = "";
			targets = (
				CF02BDE91F08449A00EF706D /* ChatRoom */,
				CF02BDFD1F08449B00EF706D /* ChatRoomTests */,
				CF02BE081F08449B00EF706D /* ChatRoomUITests */,
			);
		};
/* End PBXProject section */

/* Begin PBXResourcesBuildPhase section */
		CF02BDE81F08449A00EF706D /* Resources */ = {
			isa = PBXResourcesBuildPhase;
			buildActionMask = 2147483647;
			files = (
				CF02BDF81F08449B00EF706D /* LaunchScreen.storyboard in Resources */,
				CF02BE1C1F08453600EF706D /* GoogleService-Info.plist in Resources */,
				CF02BDF51F08449B00EF706D /* Assets.xcassets in Resources */,
				CF02BDF31F08449B00EF706D /* Main.storyboard in Resources */,
			);
			runOnlyForDeploymentPostprocessing = 0;
		};
		CF02BDFC1F08449B00EF706D /* Resources */ = {
			isa = PBXResourcesBuildPhase;
			buildActionMask = 2147483647;
			files = (
			);
			runOnlyForDeploymentPostprocessing = 0;
		};
		CF02BE071F08449B00EF706D /* Resources */ = {
			isa = PBXResourcesBuildPhase;
			buildActionMask = 2147483647;
			files = (
			);
			runOnlyForDeploymentPostprocessing = 0;
		};
/* End PBXResourcesBuildPhase section */

/* Begin PBXShellScriptBuildPhase section */
		09C5A730A54B150ED55C8568 /* [CP] Copy Pods Resources */ = {
			isa = PBXShellScriptBuildPhase;
			buildActionMask = 2147483647;
			files = (
			);
			inputPaths = (
			);
			name = "[CP] Copy Pods Resources";
			outputPaths = (
			);
			runOnlyForDeploymentPostprocessing = 0;
			shellPath = /bin/sh;
			shellScript = "\"${SRCROOT}/Pods/Target Support Files/Pods-ChatRoomUITests/Pods-ChatRoomUITests-resources.sh\"\n";
			showEnvVarsInLog = 0;
		};
		42D271D94C917AFD597B2474 /* [CP] Check Pods Manifest.lock */ = {
			isa = PBXShellScriptBuildPhase;
			buildActionMask = 2147483647;
			files = (
			);
			inputPaths = (
				"${PODS_PODFILE_DIR_PATH}/Podfile.lock",
				"${PODS_ROOT}/Manifest.lock",
			);
			name = "[CP] Check Pods Manifest.lock";
			outputPaths = (
				"$(DERIVED_FILE_DIR)/Pods-ChatRoom-checkManifestLockResult.txt",
			);
			runOnlyForDeploymentPostprocessing = 0;
			shellPath = /bin/sh;
			shellScript = "diff \"${PODS_PODFILE_DIR_PATH}/Podfile.lock\" \"${PODS_ROOT}/Manifest.lock\" > /dev/null\nif [ $? != 0 ] ; then\n    # print error to STDERR\n    echo \"error: The sandbox is not in sync with the Podfile.lock. Run 'pod install' or update your CocoaPods installation.\" >&2\n    exit 1\nfi\n# This output is used by Xcode 'outputs' to avoid re-running this script phase.\necho \"SUCCESS\" > \"${SCRIPT_OUTPUT_FILE_0}\"\n";
			showEnvVarsInLog = 0;
		};
		61AD2AF50C2BF2FB3D51F1CA /* [CP] Embed Pods Frameworks */ = {
			isa = PBXShellScriptBuildPhase;
			buildActionMask = 2147483647;
			files = (
			);
			inputPaths = (
			);
			name = "[CP] Embed Pods Frameworks";
			outputPaths = (
			);
			runOnlyForDeploymentPostprocessing = 0;
			shellPath = /bin/sh;
			shellScript = "\"${SRCROOT}/Pods/Target Support Files/Pods-ChatRoomTests/Pods-ChatRoomTests-frameworks.sh\"\n";
			showEnvVarsInLog = 0;
		};
		7B8D58C6E37AEF9874C858AD /* [CP] Copy Pods Resources */ = {
			isa = PBXShellScriptBuildPhase;
			buildActionMask = 2147483647;
			files = (
			);
			inputPaths = (
			);
			name = "[CP] Copy Pods Resources";
			outputPaths = (
			);
			runOnlyForDeploymentPostprocessing = 0;
			shellPath = /bin/sh;
			shellScript = "\"${SRCROOT}/Pods/Target Support Files/Pods-ChatRoom/Pods-ChatRoom-resources.sh\"\n";
			showEnvVarsInLog = 0;
		};
		87E163D114C7E5BBC25BAB22 /* [CP] Embed Pods Frameworks */ = {
			isa = PBXShellScriptBuildPhase;
			buildActionMask = 2147483647;
			files = (
			);
			inputPaths = (
				"${SRCROOT}/Pods/Target Support Files/Pods-ChatRoom/Pods-ChatRoom-frameworks.sh",
				"${BUILT_PRODUCTS_DIR}/ChromaColorPicker/ChromaColorPicker.framework",
				"${BUILT_PRODUCTS_DIR}/GTMSessionFetcher/GTMSessionFetcher.framework",
				"${BUILT_PRODUCTS_DIR}/GoogleToolboxForMac/GoogleToolboxForMac.framework",
				"${BUILT_PRODUCTS_DIR}/IQKeyboardManagerSwift/IQKeyboardManagerSwift.framework",
				"${BUILT_PRODUCTS_DIR}/leveldb-library/leveldb.framework",
				"${BUILT_PRODUCTS_DIR}/nanopb/nanopb.framework",
			);
			name = "[CP] Embed Pods Frameworks";
			outputPaths = (
				"${TARGET_BUILD_DIR}/${FRAMEWORKS_FOLDER_PATH}/ChromaColorPicker.framework",
				"${TARGET_BUILD_DIR}/${FRAMEWORKS_FOLDER_PATH}/GTMSessionFetcher.framework",
				"${TARGET_BUILD_DIR}/${FRAMEWORKS_FOLDER_PATH}/GoogleToolboxForMac.framework",
				"${TARGET_BUILD_DIR}/${FRAMEWORKS_FOLDER_PATH}/IQKeyboardManagerSwift.framework",
				"${TARGET_BUILD_DIR}/${FRAMEWORKS_FOLDER_PATH}/leveldb.framework",
				"${TARGET_BUILD_DIR}/${FRAMEWORKS_FOLDER_PATH}/nanopb.framework",
			);
			runOnlyForDeploymentPostprocessing = 0;
			shellPath = /bin/sh;
			shellScript = "\"${SRCROOT}/Pods/Target Support Files/Pods-ChatRoom/Pods-ChatRoom-frameworks.sh\"\n";
			showEnvVarsInLog = 0;
		};
		B4AAECE238C2EBDED004AFD9 /* [CP] Check Pods Manifest.lock */ = {
			isa = PBXShellScriptBuildPhase;
			buildActionMask = 2147483647;
			files = (
			);
			inputPaths = (
				"${PODS_PODFILE_DIR_PATH}/Podfile.lock",
				"${PODS_ROOT}/Manifest.lock",
			);
			name = "[CP] Check Pods Manifest.lock";
			outputPaths = (
				"$(DERIVED_FILE_DIR)/Pods-ChatRoomTests-checkManifestLockResult.txt",
			);
			runOnlyForDeploymentPostprocessing = 0;
			shellPath = /bin/sh;
			shellScript = "diff \"${PODS_PODFILE_DIR_PATH}/Podfile.lock\" \"${PODS_ROOT}/Manifest.lock\" > /dev/null\nif [ $? != 0 ] ; then\n    # print error to STDERR\n    echo \"error: The sandbox is not in sync with the Podfile.lock. Run 'pod install' or update your CocoaPods installation.\" >&2\n    exit 1\nfi\n# This output is used by Xcode 'outputs' to avoid re-running this script phase.\necho \"SUCCESS\" > \"${SCRIPT_OUTPUT_FILE_0}\"\n";
			showEnvVarsInLog = 0;
		};
		BE7F12ABCB0FE99C996F82CB /* [CP] Check Pods Manifest.lock */ = {
			isa = PBXShellScriptBuildPhase;
			buildActionMask = 2147483647;
			files = (
			);
			inputPaths = (
				"${PODS_PODFILE_DIR_PATH}/Podfile.lock",
				"${PODS_ROOT}/Manifest.lock",
			);
			name = "[CP] Check Pods Manifest.lock";
			outputPaths = (
				"$(DERIVED_FILE_DIR)/Pods-ChatRoomUITests-checkManifestLockResult.txt",
			);
			runOnlyForDeploymentPostprocessing = 0;
			shellPath = /bin/sh;
			shellScript = "diff \"${PODS_PODFILE_DIR_PATH}/Podfile.lock\" \"${PODS_ROOT}/Manifest.lock\" > /dev/null\nif [ $? != 0 ] ; then\n    # print error to STDERR\n    echo \"error: The sandbox is not in sync with the Podfile.lock. Run 'pod install' or update your CocoaPods installation.\" >&2\n    exit 1\nfi\n# This output is used by Xcode 'outputs' to avoid re-running this script phase.\necho \"SUCCESS\" > \"${SCRIPT_OUTPUT_FILE_0}\"\n";
			showEnvVarsInLog = 0;
		};
		D2AC2EE94F6087883B4C0A29 /* [CP] Copy Pods Resources */ = {
			isa = PBXShellScriptBuildPhase;
			buildActionMask = 2147483647;
			files = (
			);
			inputPaths = (
			);
			name = "[CP] Copy Pods Resources";
			outputPaths = (
			);
			runOnlyForDeploymentPostprocessing = 0;
			shellPath = /bin/sh;
			shellScript = "\"${SRCROOT}/Pods/Target Support Files/Pods-ChatRoomTests/Pods-ChatRoomTests-resources.sh\"\n";
			showEnvVarsInLog = 0;
		};
		ED92296230173FE3F205C871 /* [CP] Embed Pods Frameworks */ = {
			isa = PBXShellScriptBuildPhase;
			buildActionMask = 2147483647;
			files = (
			);
			inputPaths = (
			);
			name = "[CP] Embed Pods Frameworks";
			outputPaths = (
			);
			runOnlyForDeploymentPostprocessing = 0;
			shellPath = /bin/sh;
			shellScript = "\"${SRCROOT}/Pods/Target Support Files/Pods-ChatRoomUITests/Pods-ChatRoomUITests-frameworks.sh\"\n";
			showEnvVarsInLog = 0;
		};
/* End PBXShellScriptBuildPhase section */

/* Begin PBXSourcesBuildPhase section */
		CF02BDE61F08449A00EF706D /* Sources */ = {
			isa = PBXSourcesBuildPhase;
			buildActionMask = 2147483647;
			files = (
				CF1335FF1F5762BF008F9C46 /* RoundedPostImage.swift in Sources */,
				CFE7747B1F0B3E1000FC7290 /* Group.swift in Sources */,
				CF3686101F0EE42D00E7A75B /* Chat.swift in Sources */,
				CF56E1FE1F2C0FAD009578EE /* RoundedCornerButton.swift in Sources */,
				CF3B03C01F097904009F1E44 /* AddUserImage.swift in Sources */,
				CF6AADFB1F53612F004892F4 /* EditProfileVC.swift in Sources */,
				CF1A85B31F181FBF00E1614F /* CreateDetailsVC.swift in Sources */,
				CF59BA041F5F3D0F008DF84D /* GroupSettingsVC.swift in Sources */,
				CF3B03C31F0985B6009F1E44 /* CircleImage.swift in Sources */,
				CF02BE201F08709200EF706D /* SignUpVC.swift in Sources */,
				CF6C95221F2E851400C080DE /* SWRevealViewController.m in Sources */,
				CF02BDEE1F08449A00EF706D /* AppDelegate.swift in Sources */,
				CF440BBA1F0D3BCF00CBEB19 /* GroupCell.swift in Sources */,
				CF36860E1F0EDE3900E7A75B /* ChatVC.swift in Sources */,
				CFE774761F0B3A4E00FC7290 /* Util.swift in Sources */,
				CF3B03C51F09AB08009F1E44 /* JoinVC.swift in Sources */,
				CF3686121F0EE4FB00E7A75B /* ChatCell.swift in Sources */,
				CF2D85F91F1C17E6004E72B9 /* ProfileVC.swift in Sources */,
				CFE774781F0B3D1100FC7290 /* GroupListVC.swift in Sources */,
				CFE774731F0B306E00FC7290 /* CreateMainVC.swift in Sources */,
				CF56E1FC1F2AD80E009578EE /* ShadowView.swift in Sources */,
				CF1335F91F575301008F9C46 /* PhotoCell.swift in Sources */,
				CFCB06A91F6432680023D9AF /* UserProfileVC.swift in Sources */,
				CF85CA671F12C8DC0047663C /* SignInVC.swift in Sources */,
			);
			runOnlyForDeploymentPostprocessing = 0;
		};
		CF02BDFA1F08449B00EF706D /* Sources */ = {
			isa = PBXSourcesBuildPhase;
			buildActionMask = 2147483647;
			files = (
				CF02BE031F08449B00EF706D /* ChatRoomTests.swift in Sources */,
				CF82CA1B1F4BC0B100459A35 /* SWRevealViewController.m in Sources */,
			);
			runOnlyForDeploymentPostprocessing = 0;
		};
		CF02BE051F08449B00EF706D /* Sources */ = {
			isa = PBXSourcesBuildPhase;
			buildActionMask = 2147483647;
			files = (
				CF02BE0E1F08449C00EF706D /* ChatRoomUITests.swift in Sources */,
				CF82CA1D1F4BC0B400459A35 /* SWRevealViewController.m in Sources */,
			);
			runOnlyForDeploymentPostprocessing = 0;
		};
/* End PBXSourcesBuildPhase section */

/* Begin PBXTargetDependency section */
		CF02BE001F08449B00EF706D /* PBXTargetDependency */ = {
			isa = PBXTargetDependency;
			target = CF02BDE91F08449A00EF706D /* ChatRoom */;
			targetProxy = CF02BDFF1F08449B00EF706D /* PBXContainerItemProxy */;
		};
		CF02BE0B1F08449B00EF706D /* PBXTargetDependency */ = {
			isa = PBXTargetDependency;
			target = CF02BDE91F08449A00EF706D /* ChatRoom */;
			targetProxy = CF02BE0A1F08449B00EF706D /* PBXContainerItemProxy */;
		};
/* End PBXTargetDependency section */

/* Begin PBXVariantGroup section */
		CF02BDF11F08449B00EF706D /* Main.storyboard */ = {
			isa = PBXVariantGroup;
			children = (
				CF02BDF21F08449B00EF706D /* Base */,
			);
			name = Main.storyboard;
			sourceTree = "<group>";
		};
		CF02BDF61F08449B00EF706D /* LaunchScreen.storyboard */ = {
			isa = PBXVariantGroup;
			children = (
				CF02BDF71F08449B00EF706D /* Base */,
			);
			name = LaunchScreen.storyboard;
			sourceTree = "<group>";
		};
/* End PBXVariantGroup section */

/* Begin XCBuildConfiguration section */
		CF02BE101F08449C00EF706D /* Debug */ = {
			isa = XCBuildConfiguration;
			buildSettings = {
				ALWAYS_SEARCH_USER_PATHS = NO;
				CLANG_ANALYZER_NONNULL = YES;
				CLANG_ANALYZER_NUMBER_OBJECT_CONVERSION = YES_AGGRESSIVE;
				CLANG_CXX_LANGUAGE_STANDARD = "gnu++0x";
				CLANG_CXX_LIBRARY = "libc++";
				CLANG_ENABLE_MODULES = YES;
				CLANG_ENABLE_OBJC_ARC = YES;
				CLANG_WARN_BLOCK_CAPTURE_AUTORELEASING = YES;
				CLANG_WARN_BOOL_CONVERSION = YES;
				CLANG_WARN_COMMA = YES;
				CLANG_WARN_CONSTANT_CONVERSION = YES;
				CLANG_WARN_DIRECT_OBJC_ISA_USAGE = YES_ERROR;
				CLANG_WARN_DOCUMENTATION_COMMENTS = YES;
				CLANG_WARN_EMPTY_BODY = YES;
				CLANG_WARN_ENUM_CONVERSION = YES;
				CLANG_WARN_INFINITE_RECURSION = YES;
				CLANG_WARN_INT_CONVERSION = YES;
				CLANG_WARN_NON_LITERAL_NULL_CONVERSION = YES;
				CLANG_WARN_OBJC_LITERAL_CONVERSION = YES;
				CLANG_WARN_OBJC_ROOT_CLASS = YES_ERROR;
				CLANG_WARN_RANGE_LOOP_ANALYSIS = YES;
				CLANG_WARN_STRICT_PROTOTYPES = YES;
				CLANG_WARN_SUSPICIOUS_MOVE = YES;
				CLANG_WARN_UNREACHABLE_CODE = YES;
				CLANG_WARN__DUPLICATE_METHOD_MATCH = YES;
				"CODE_SIGN_IDENTITY[sdk=iphoneos*]" = "iPhone Developer";
				COPY_PHASE_STRIP = NO;
				DEBUG_INFORMATION_FORMAT = dwarf;
				ENABLE_STRICT_OBJC_MSGSEND = YES;
				ENABLE_TESTABILITY = YES;
				GCC_C_LANGUAGE_STANDARD = gnu99;
				GCC_DYNAMIC_NO_PIC = NO;
				GCC_NO_COMMON_BLOCKS = YES;
				GCC_OPTIMIZATION_LEVEL = 0;
				GCC_PREPROCESSOR_DEFINITIONS = (
					"DEBUG=1",
					"$(inherited)",
				);
				GCC_WARN_64_TO_32_BIT_CONVERSION = YES;
				GCC_WARN_ABOUT_RETURN_TYPE = YES_ERROR;
				GCC_WARN_UNDECLARED_SELECTOR = YES;
				GCC_WARN_UNINITIALIZED_AUTOS = YES_AGGRESSIVE;
				GCC_WARN_UNUSED_FUNCTION = YES;
				GCC_WARN_UNUSED_VARIABLE = YES;
				IPHONEOS_DEPLOYMENT_TARGET = 10.3;
				MTL_ENABLE_DEBUG_INFO = YES;
				ONLY_ACTIVE_ARCH = YES;
				SDKROOT = iphoneos;
				SWIFT_ACTIVE_COMPILATION_CONDITIONS = DEBUG;
				SWIFT_OPTIMIZATION_LEVEL = "-Onone";
				TARGETED_DEVICE_FAMILY = "1,2";
			};
			name = Debug;
		};
		CF02BE111F08449C00EF706D /* Release */ = {
			isa = XCBuildConfiguration;
			buildSettings = {
				ALWAYS_SEARCH_USER_PATHS = NO;
				CLANG_ANALYZER_NONNULL = YES;
				CLANG_ANALYZER_NUMBER_OBJECT_CONVERSION = YES_AGGRESSIVE;
				CLANG_CXX_LANGUAGE_STANDARD = "gnu++0x";
				CLANG_CXX_LIBRARY = "libc++";
				CLANG_ENABLE_MODULES = YES;
				CLANG_ENABLE_OBJC_ARC = YES;
				CLANG_WARN_BLOCK_CAPTURE_AUTORELEASING = YES;
				CLANG_WARN_BOOL_CONVERSION = YES;
				CLANG_WARN_COMMA = YES;
				CLANG_WARN_CONSTANT_CONVERSION = YES;
				CLANG_WARN_DIRECT_OBJC_ISA_USAGE = YES_ERROR;
				CLANG_WARN_DOCUMENTATION_COMMENTS = YES;
				CLANG_WARN_EMPTY_BODY = YES;
				CLANG_WARN_ENUM_CONVERSION = YES;
				CLANG_WARN_INFINITE_RECURSION = YES;
				CLANG_WARN_INT_CONVERSION = YES;
				CLANG_WARN_NON_LITERAL_NULL_CONVERSION = YES;
				CLANG_WARN_OBJC_LITERAL_CONVERSION = YES;
				CLANG_WARN_OBJC_ROOT_CLASS = YES_ERROR;
				CLANG_WARN_RANGE_LOOP_ANALYSIS = YES;
				CLANG_WARN_STRICT_PROTOTYPES = YES;
				CLANG_WARN_SUSPICIOUS_MOVE = YES;
				CLANG_WARN_UNREACHABLE_CODE = YES;
				CLANG_WARN__DUPLICATE_METHOD_MATCH = YES;
				"CODE_SIGN_IDENTITY[sdk=iphoneos*]" = "iPhone Developer";
				COPY_PHASE_STRIP = NO;
				DEBUG_INFORMATION_FORMAT = "dwarf-with-dsym";
				ENABLE_NS_ASSERTIONS = NO;
				ENABLE_STRICT_OBJC_MSGSEND = YES;
				GCC_C_LANGUAGE_STANDARD = gnu99;
				GCC_NO_COMMON_BLOCKS = YES;
				GCC_WARN_64_TO_32_BIT_CONVERSION = YES;
				GCC_WARN_ABOUT_RETURN_TYPE = YES_ERROR;
				GCC_WARN_UNDECLARED_SELECTOR = YES;
				GCC_WARN_UNINITIALIZED_AUTOS = YES_AGGRESSIVE;
				GCC_WARN_UNUSED_FUNCTION = YES;
				GCC_WARN_UNUSED_VARIABLE = YES;
				IPHONEOS_DEPLOYMENT_TARGET = 10.3;
				MTL_ENABLE_DEBUG_INFO = NO;
				SDKROOT = iphoneos;
				SWIFT_OPTIMIZATION_LEVEL = "-Owholemodule";
				TARGETED_DEVICE_FAMILY = "1,2";
				VALIDATE_PRODUCT = YES;
			};
			name = Release;
		};
		CF02BE131F08449C00EF706D /* Debug */ = {
			isa = XCBuildConfiguration;
			baseConfigurationReference = 344309D28974BC034022BFF3 /* Pods-ChatRoom.debug.xcconfig */;
			buildSettings = {
				ASSETCATALOG_COMPILER_APPICON_NAME = AppIcon;
				CLANG_ENABLE_MODULES = YES;
				CODE_SIGN_ENTITLEMENTS = ChatRoom/ChatRoom.entitlements;
				"CODE_SIGN_IDENTITY[sdk=iphoneos*]" = "iPhone Developer";
				DEVELOPMENT_TEAM = W62T85YASV;
				INFOPLIST_FILE = ChatRoom/Info.plist;
				IPHONEOS_DEPLOYMENT_TARGET = 10.2;
				LD_RUNPATH_SEARCH_PATHS = "$(inherited) @executable_path/Frameworks";
				PRODUCT_BUNDLE_IDENTIFIER = com.Trevor.LyonApp;
				PRODUCT_NAME = "$(TARGET_NAME)";
				PROVISIONING_PROFILE_SPECIFIER = "";
				SWIFT_INSTALL_OBJC_HEADER = YES;
				SWIFT_OBJC_BRIDGING_HEADER = "ChatRoom/ChatRoom-Bridging-Header.h";
				SWIFT_OPTIMIZATION_LEVEL = "-Onone";
				SWIFT_SWIFT3_OBJC_INFERENCE = On;
				SWIFT_VERSION = 4.0;
				TARGETED_DEVICE_FAMILY = "1,2";
			};
			name = Debug;
		};
		CF02BE141F08449C00EF706D /* Release */ = {
			isa = XCBuildConfiguration;
			baseConfigurationReference = 3280C50A5A48F2428E2B9183 /* Pods-ChatRoom.release.xcconfig */;
			buildSettings = {
				ASSETCATALOG_COMPILER_APPICON_NAME = AppIcon;
				CLANG_ENABLE_MODULES = YES;
				CODE_SIGN_ENTITLEMENTS = ChatRoom/ChatRoom.entitlements;
				"CODE_SIGN_IDENTITY[sdk=iphoneos*]" = "iPhone Developer";
				DEVELOPMENT_TEAM = W62T85YASV;
				INFOPLIST_FILE = ChatRoom/Info.plist;
				IPHONEOS_DEPLOYMENT_TARGET = 10.2;
				LD_RUNPATH_SEARCH_PATHS = "$(inherited) @executable_path/Frameworks";
				PRODUCT_BUNDLE_IDENTIFIER = com.Trevor.LyonApp;
				PRODUCT_NAME = "$(TARGET_NAME)";
				PROVISIONING_PROFILE_SPECIFIER = "";
				SWIFT_INSTALL_OBJC_HEADER = YES;
				SWIFT_OBJC_BRIDGING_HEADER = "ChatRoom/ChatRoom-Bridging-Header.h";
				SWIFT_SWIFT3_OBJC_INFERENCE = On;
				SWIFT_VERSION = 4.0;
				TARGETED_DEVICE_FAMILY = "1,2";
			};
			name = Release;
		};
		CF02BE161F08449C00EF706D /* Debug */ = {
			isa = XCBuildConfiguration;
			baseConfigurationReference = 6132D3EBC65770E8DC936384 /* Pods-ChatRoomTests.debug.xcconfig */;
			buildSettings = {
				ALWAYS_EMBED_SWIFT_STANDARD_LIBRARIES = YES;
				BUNDLE_LOADER = "$(TEST_HOST)";
				DEVELOPMENT_TEAM = ZJX725VCVA;
				INFOPLIST_FILE = ChatRoomTests/Info.plist;
				LD_RUNPATH_SEARCH_PATHS = "$(inherited) @executable_path/Frameworks @loader_path/Frameworks";
				PRODUCT_BUNDLE_IDENTIFIER = com.Trevor.ChatRoomTests;
				PRODUCT_NAME = "$(TARGET_NAME)";
				SWIFT_SWIFT3_OBJC_INFERENCE = On;
				SWIFT_VERSION = 4.0;
				TEST_HOST = "$(BUILT_PRODUCTS_DIR)/ChatRoom.app/ChatRoom";
			};
			name = Debug;
		};
		CF02BE171F08449C00EF706D /* Release */ = {
			isa = XCBuildConfiguration;
			baseConfigurationReference = 9186EAAC1E1AB979E04FC6F1 /* Pods-ChatRoomTests.release.xcconfig */;
			buildSettings = {
				ALWAYS_EMBED_SWIFT_STANDARD_LIBRARIES = YES;
				BUNDLE_LOADER = "$(TEST_HOST)";
				DEVELOPMENT_TEAM = ZJX725VCVA;
				INFOPLIST_FILE = ChatRoomTests/Info.plist;
				LD_RUNPATH_SEARCH_PATHS = "$(inherited) @executable_path/Frameworks @loader_path/Frameworks";
				PRODUCT_BUNDLE_IDENTIFIER = com.Trevor.ChatRoomTests;
				PRODUCT_NAME = "$(TARGET_NAME)";
				SWIFT_SWIFT3_OBJC_INFERENCE = On;
				SWIFT_VERSION = 4.0;
				TEST_HOST = "$(BUILT_PRODUCTS_DIR)/ChatRoom.app/ChatRoom";
			};
			name = Release;
		};
		CF02BE191F08449C00EF706D /* Debug */ = {
			isa = XCBuildConfiguration;
			baseConfigurationReference = 7A7562A92599504EC55CC5E4 /* Pods-ChatRoomUITests.debug.xcconfig */;
			buildSettings = {
				ALWAYS_EMBED_SWIFT_STANDARD_LIBRARIES = YES;
				DEVELOPMENT_TEAM = ZJX725VCVA;
				INFOPLIST_FILE = ChatRoomUITests/Info.plist;
				LD_RUNPATH_SEARCH_PATHS = "$(inherited) @executable_path/Frameworks @loader_path/Frameworks";
				PRODUCT_BUNDLE_IDENTIFIER = com.Trevor.ChatRoomUITests;
				PRODUCT_NAME = "$(TARGET_NAME)";
				SWIFT_SWIFT3_OBJC_INFERENCE = On;
				SWIFT_VERSION = 4.0;
				TEST_TARGET_NAME = ChatRoom;
			};
			name = Debug;
		};
		CF02BE1A1F08449C00EF706D /* Release */ = {
			isa = XCBuildConfiguration;
			baseConfigurationReference = 635FB1CA826EB58D8BAFFE34 /* Pods-ChatRoomUITests.release.xcconfig */;
			buildSettings = {
				ALWAYS_EMBED_SWIFT_STANDARD_LIBRARIES = YES;
				DEVELOPMENT_TEAM = ZJX725VCVA;
				INFOPLIST_FILE = ChatRoomUITests/Info.plist;
				LD_RUNPATH_SEARCH_PATHS = "$(inherited) @executable_path/Frameworks @loader_path/Frameworks";
				PRODUCT_BUNDLE_IDENTIFIER = com.Trevor.ChatRoomUITests;
				PRODUCT_NAME = "$(TARGET_NAME)";
				SWIFT_SWIFT3_OBJC_INFERENCE = On;
				SWIFT_VERSION = 4.0;
				TEST_TARGET_NAME = ChatRoom;
			};
			name = Release;
		};
/* End XCBuildConfiguration section */

/* Begin XCConfigurationList section */
		CF02BDE51F08449A00EF706D /* Build configuration list for PBXProject "ChatRoom" */ = {
			isa = XCConfigurationList;
			buildConfigurations = (
				CF02BE101F08449C00EF706D /* Debug */,
				CF02BE111F08449C00EF706D /* Release */,
			);
			defaultConfigurationIsVisible = 0;
			defaultConfigurationName = Release;
		};
		CF02BE121F08449C00EF706D /* Build configuration list for PBXNativeTarget "ChatRoom" */ = {
			isa = XCConfigurationList;
			buildConfigurations = (
				CF02BE131F08449C00EF706D /* Debug */,
				CF02BE141F08449C00EF706D /* Release */,
			);
			defaultConfigurationIsVisible = 0;
			defaultConfigurationName = Release;
		};
		CF02BE151F08449C00EF706D /* Build configuration list for PBXNativeTarget "ChatRoomTests" */ = {
			isa = XCConfigurationList;
			buildConfigurations = (
				CF02BE161F08449C00EF706D /* Debug */,
				CF02BE171F08449C00EF706D /* Release */,
			);
			defaultConfigurationIsVisible = 0;
			defaultConfigurationName = Release;
		};
		CF02BE181F08449C00EF706D /* Build configuration list for PBXNativeTarget "ChatRoomUITests" */ = {
			isa = XCConfigurationList;
			buildConfigurations = (
				CF02BE191F08449C00EF706D /* Debug */,
				CF02BE1A1F08449C00EF706D /* Release */,
			);
			defaultConfigurationIsVisible = 0;
			defaultConfigurationName = Release;
		};
/* End XCConfigurationList section */
	};
	rootObject = CF02BDE21F08449A00EF706D /* Project object */;
}
